
Microsoft Visual Studio Solution File, Format Version 12.00
# Visual Studio 2012
Project("{FAE04EC0-301F-11D3-BF4B-00C04F79EFBC}") = "Decorator", "Decorator\Decorator.csproj", "{73648E27-0BF7-447A-B841-60D9677F23E3}"
EndProject
Project("{FAE04EC0-301F-11D3-BF4B-00C04F79EFBC}") = "Invoker.Decorator", "Invoker.Decorator\Invoker.Decorator.csproj", "{7B3445B7-2F5D-47DB-A4B2-721755FEDE90}"
EndProject
Global
	GlobalSection(SolutionConfigurationPlatforms) = preSolution
		Debug|Any CPU = Debug|Any CPU
		Release|Any CPU = Release|Any CPU
	EndGlobalSection
	GlobalSection(ProjectConfigurationPlatforms) = postSolution
		{73648E27-0BF7-447A-B841-60D9677F23E3}.Debug|Any CPU.ActiveCfg = Debug|Any CPU
		{73648E27-0BF7-447A-B841-60D9677F23E3}.Debug|Any CPU.Build.0 = Debug|Any CPU
		{73648E27-0BF7-447A-B841-60D9677F23E3}.Release|Any CPU.ActiveCfg = Release|Any CPU
		{73648E27-0BF7-447A-B841-60D9677F23E3}.Release|Any CPU.Build.0 = Release|Any CPU
		{7B3445B7-2F5D-47DB-A4B2-721755FEDE90}.Debug|Any CPU.ActiveCfg = Debug|Any CPU
		{7B3445B7-2F5D-47DB-A4B2-721755FEDE90}.Debug|Any CPU.Build.0 = Debug|Any CPU
		{7B3445B7-2F5D-47DB-A4B2-721755FEDE90}.Release|Any CPU.ActiveCfg = Release|Any CPU
		{7B3445B7-2F5D-47DB-A4B2-721755FEDE90}.Release|Any CPU.Build.0 = Release|Any CPU
	EndGlobalSection
EndGlobal
